
Microsoft Visual Studio Solution File, Format Version 12.00
# Visual Studio Version 17
VisualStudioVersion = 17.7.34031.279
MinimumVisualStudioVersion = 10.0.40219.1
Project("{FAE04EC0-301F-11D3-BF4B-00C04F79EFBC}") = "SampleGitHub", "SampleGitHub\SampleGitHub.csproj", "{E0CDC8D6-C6AC-4413-A336-639386B48E56}"
EndProject
Global
	GlobalSection(SolutionConfigurationPlatforms) = preSolution
		Debug|Any CPU = Debug|Any CPU
		Release|Any CPU = Release|Any CPU
	EndGlobalSection
	GlobalSection(ProjectConfigurationPlatforms) = postSolution
		{E0CDC8D6-C6AC-4413-A336-639386B48E56}.Debug|Any CPU.ActiveCfg = Debug|Any CPU
		{E0CDC8D6-C6AC-4413-A336-639386B48E56}.Debug|Any CPU.Build.0 = Debug|Any CPU
		{E0CDC8D6-C6AC-4413-A336-639386B48E56}.Release|Any CPU.ActiveCfg = Release|Any CPU
		{E0CDC8D6-C6AC-4413-A336-639386B48E56}.Release|Any CPU.Build.0 = Release|Any CPU
	EndGlobalSection
	GlobalSection(SolutionProperties) = preSolution
		HideSolutionNode = FALSE
	EndGlobalSection
	GlobalSection(ExtensibilityGlobals) = postSolution
		SolutionGuid = {4D3C45AD-18F0-4660-B703-F1D51A9ED490}
	EndGlobalSection
EndGlobal
